
Microsoft Visual Studio Solution File, Format Version 12.00
# Visual Studio Version 16
VisualStudioVersion = 16.0.31105.61
MinimumVisualStudioVersion = 10.0.40219.1
Project("{9A19103F-16F7-4668-BE54-9A1E7A4F7556}") = "OperaHouseTheater", "OperaHouseTheater\OperaHouseTheater.csproj", "{C9F3CB53-DAB3-4176-A9C5-3BD30A29627A}"
EndProject
Project("{FAE04EC0-301F-11D3-BF4B-00C04F79EFBC}") = "OperaHouseTheater.Test", "OperaHouseTheater.Test\OperaHouseTheater.Test.csproj", "{B7048910-A18A-48FE-A01D-776CB8A28586}"
EndProject
Global
	GlobalSection(SolutionConfigurationPlatforms) = preSolution
		Debug|Any CPU = Debug|Any CPU
		Release|Any CPU = Release|Any CPU
	EndGlobalSection
	GlobalSection(ProjectConfigurationPlatforms) = postSolution
		{C9F3CB53-DAB3-4176-A9C5-3BD30A29627A}.Debug|Any CPU.ActiveCfg = Debug|Any CPU
		{C9F3CB53-DAB3-4176-A9C5-3BD30A29627A}.Debug|Any CPU.Build.0 = Debug|Any CPU
		{C9F3CB53-DAB3-4176-A9C5-3BD30A29627A}.Release|Any CPU.ActiveCfg = Release|Any CPU
		{C9F3CB53-DAB3-4176-A9C5-3BD30A29627A}.Release|Any CPU.Build.0 = Release|Any CPU
		{B7048910-A18A-48FE-A01D-776CB8A28586}.Debug|Any CPU.ActiveCfg = Debug|Any CPU
		{B7048910-A18A-48FE-A01D-776CB8A28586}.Debug|Any CPU.Build.0 = Debug|Any CPU
		{B7048910-A18A-48FE-A01D-776CB8A28586}.Release|Any CPU.ActiveCfg = Release|Any CPU
		{B7048910-A18A-48FE-A01D-776CB8A28586}.Release|Any CPU.Build.0 = Release|Any CPU
	EndGlobalSection
	GlobalSection(SolutionProperties) = preSolution
		HideSolutionNode = FALSE
	EndGlobalSection
	GlobalSection(ExtensibilityGlobals) = postSolution
		SolutionGuid = {53C64980-C432-4AE8-8466-EE93C034C3B9}
	EndGlobalSection
EndGlobal
